
Microsoft Visual Studio Solution File, Format Version 12.00
# Visual Studio Version 17
VisualStudioVersion = 17.12.35527.113
MinimumVisualStudioVersion = 10.0.40219.1
Project("{9A19103F-16F7-4668-BE54-9A1E7A4F7556}") = "FinalAPİ", "FinalAPİ\FinalAPİ.csproj", "{795F34BD-4714-44A1-8EBF-D4F4221126F9}"
EndProject
Project("{9A19103F-16F7-4668-BE54-9A1E7A4F7556}") = "FinalBL", "FinalBL\FinalBL.csproj", "{4571D522-B852-4735-9156-24075ACD9C33}"
EndProject
Project("{9A19103F-16F7-4668-BE54-9A1E7A4F7556}") = "FinalDAL", "FinalDAL\FinalDAL.csproj", "{DE604B41-E67C-4B98-BEE3-6D6B26A593D9}"
EndProject
Project("{9A19103F-16F7-4668-BE54-9A1E7A4F7556}") = "FinalMODEL", "FinalMODEL\FinalMODEL.csproj", "{DB26D334-1031-4A4B-BFBF-D69DC8A05C1E}"
EndProject
Project("{9A19103F-16F7-4668-BE54-9A1E7A4F7556}") = "Infrastructure", "Infrastructure\Infrastructure.csproj", "{600B9246-8540-47B1-B9ED-4D7C4D2F2453}"
EndProject
Global
	GlobalSection(SolutionConfigurationPlatforms) = preSolution
		Debug|Any CPU = Debug|Any CPU
		Release|Any CPU = Release|Any CPU
	EndGlobalSection
	GlobalSection(ProjectConfigurationPlatforms) = postSolution
		{795F34BD-4714-44A1-8EBF-D4F4221126F9}.Debug|Any CPU.ActiveCfg = Debug|Any CPU
		{795F34BD-4714-44A1-8EBF-D4F4221126F9}.Debug|Any CPU.Build.0 = Debug|Any CPU
		{795F34BD-4714-44A1-8EBF-D4F4221126F9}.Release|Any CPU.ActiveCfg = Release|Any CPU
		{795F34BD-4714-44A1-8EBF-D4F4221126F9}.Release|Any CPU.Build.0 = Release|Any CPU
		{4571D522-B852-4735-9156-24075ACD9C33}.Debug|Any CPU.ActiveCfg = Debug|Any CPU
		{4571D522-B852-4735-9156-24075ACD9C33}.Debug|Any CPU.Build.0 = Debug|Any CPU
		{4571D522-B852-4735-9156-24075ACD9C33}.Release|Any CPU.ActiveCfg = Release|Any CPU
		{4571D522-B852-4735-9156-24075ACD9C33}.Release|Any CPU.Build.0 = Release|Any CPU
		{DE604B41-E67C-4B98-BEE3-6D6B26A593D9}.Debug|Any CPU.ActiveCfg = Debug|Any CPU
		{DE604B41-E67C-4B98-BEE3-6D6B26A593D9}.Debug|Any CPU.Build.0 = Debug|Any CPU
		{DE604B41-E67C-4B98-BEE3-6D6B26A593D9}.Release|Any CPU.ActiveCfg = Release|Any CPU
		{DE604B41-E67C-4B98-BEE3-6D6B26A593D9}.Release|Any CPU.Build.0 = Release|Any CPU
		{DB26D334-1031-4A4B-BFBF-D69DC8A05C1E}.Debug|Any CPU.ActiveCfg = Debug|Any CPU
		{DB26D334-1031-4A4B-BFBF-D69DC8A05C1E}.Debug|Any CPU.Build.0 = Debug|Any CPU
		{DB26D334-1031-4A4B-BFBF-D69DC8A05C1E}.Release|Any CPU.ActiveCfg = Release|Any CPU
		{DB26D334-1031-4A4B-BFBF-D69DC8A05C1E}.Release|Any CPU.Build.0 = Release|Any CPU
		{600B9246-8540-47B1-B9ED-4D7C4D2F2453}.Debug|Any CPU.ActiveCfg = Debug|Any CPU
		{600B9246-8540-47B1-B9ED-4D7C4D2F2453}.Debug|Any CPU.Build.0 = Debug|Any CPU
		{600B9246-8540-47B1-B9ED-4D7C4D2F2453}.Release|Any CPU.ActiveCfg = Release|Any CPU
		{600B9246-8540-47B1-B9ED-4D7C4D2F2453}.Release|Any CPU.Build.0 = Release|Any CPU
	EndGlobalSection
	GlobalSection(SolutionProperties) = preSolution
		HideSolutionNode = FALSE
	EndGlobalSection
EndGlobal
